// !$*UTF8*$!
{
	archiveVersion = 1;
	classes = {
	};
	objectVersion = 50;
	objects = {

/* Begin PBXBuildFile section */
		D52C155020ADB63D000F1303 /* AppDelegate.swift in Sources */ = {isa = PBXBuildFile; fileRef = D52C154F20ADB63D000F1303 /* AppDelegate.swift */; };
		D52C155220ADB63D000F1303 /* ViewController.swift in Sources */ = {isa = PBXBuildFile; fileRef = D52C155120ADB63D000F1303 /* ViewController.swift */; };
		D52C155420ADB63F000F1303 /* Assets.xcassets in Resources */ = {isa = PBXBuildFile; fileRef = D52C155320ADB63F000F1303 /* Assets.xcassets */; };
		D52C155720ADB63F000F1303 /* Main.storyboard in Resources */ = {isa = PBXBuildFile; fileRef = D52C155520ADB63F000F1303 /* Main.storyboard */; };
		D52C156320ADB63F000F1303 /* cLabRemoteControlTests.swift in Sources */ = {isa = PBXBuildFile; fileRef = D52C156220ADB63F000F1303 /* cLabRemoteControlTests.swift */; };
		D52C156E20ADB63F000F1303 /* cLabRemoteControlUITests.swift in Sources */ = {isa = PBXBuildFile; fileRef = D52C156D20ADB63F000F1303 /* cLabRemoteControlUITests.swift */; };
		D52C157D20ADBA27000F1303 /* AVFoundation.framework in Frameworks */ = {isa = PBXBuildFile; fileRef = D52C157C20ADBA27000F1303 /* AVFoundation.framework */; };
		D52C157F20ADBA34000F1303 /* Foundation.framework in Frameworks */ = {isa = PBXBuildFile; fileRef = D52C157E20ADBA34000F1303 /* Foundation.framework */; };
		D52C158120ADBA43000F1303 /* AppKit.framework in Frameworks */ = {isa = PBXBuildFile; fileRef = D52C158020ADBA43000F1303 /* AppKit.framework */; };
/* End PBXBuildFile section */

/* Begin PBXContainerItemProxy section */
		D52C155F20ADB63F000F1303 /* PBXContainerItemProxy */ = {
			isa = PBXContainerItemProxy;
			containerPortal = D52C154420ADB63C000F1303 /* Project object */;
			proxyType = 1;
			remoteGlobalIDString = D52C154B20ADB63C000F1303;
			remoteInfo = cLabRemoteControl;
		};
		D52C156A20ADB63F000F1303 /* PBXContainerItemProxy */ = {
			isa = PBXContainerItemProxy;
			containerPortal = D52C154420ADB63C000F1303 /* Project object */;
			proxyType = 1;
			remoteGlobalIDString = D52C154B20ADB63C000F1303;
			remoteInfo = cLabRemoteControl;
		};
/* End PBXContainerItemProxy section */

/* Begin PBXFileReference section */
		D52C154C20ADB63D000F1303 /* cLabRemoteControl.app */ = {isa = PBXFileReference; explicitFileType = wrapper.application; includeInIndex = 0; path = cLabRemoteControl.app; sourceTree = BUILT_PRODUCTS_DIR; };
		D52C154F20ADB63D000F1303 /* AppDelegate.swift */ = {isa = PBXFileReference; lastKnownFileType = sourcecode.swift; path = AppDelegate.swift; sourceTree = "<group>"; };
		D52C155120ADB63D000F1303 /* ViewController.swift */ = {isa = PBXFileReference; lastKnownFileType = sourcecode.swift; path = ViewController.swift; sourceTree = "<group>"; };
		D52C155320ADB63F000F1303 /* Assets.xcassets */ = {isa = PBXFileReference; lastKnownFileType = folder.assetcatalog; path = Assets.xcassets; sourceTree = "<group>"; };
		D52C155620ADB63F000F1303 /* Base */ = {isa = PBXFileReference; lastKnownFileType = file.storyboard; name = Base; path = Base.lproj/Main.storyboard; sourceTree = "<group>"; };
		D52C155820ADB63F000F1303 /* Info.plist */ = {isa = PBXFileReference; lastKnownFileType = text.plist.xml; path = Info.plist; sourceTree = "<group>"; };
		D52C155920ADB63F000F1303 /* cLabRemoteControl.entitlements */ = {isa = PBXFileReference; lastKnownFileType = text.plist.entitlements; path = cLabRemoteControl.entitlements; sourceTree = "<group>"; };
		D52C155E20ADB63F000F1303 /* cLabRemoteControlTests.xctest */ = {isa = PBXFileReference; explicitFileType = wrapper.cfbundle; includeInIndex = 0; path = cLabRemoteControlTests.xctest; sourceTree = BUILT_PRODUCTS_DIR; };
		D52C156220ADB63F000F1303 /* cLabRemoteControlTests.swift */ = {isa = PBXFileReference; lastKnownFileType = sourcecode.swift; path = cLabRemoteControlTests.swift; sourceTree = "<group>"; };
		D52C156420ADB63F000F1303 /* Info.plist */ = {isa = PBXFileReference; lastKnownFileType = text.plist.xml; path = Info.plist; sourceTree = "<group>"; };
		D52C156920ADB63F000F1303 /* cLabRemoteControlUITests.xctest */ = {isa = PBXFileReference; explicitFileType = wrapper.cfbundle; includeInIndex = 0; path = cLabRemoteControlUITests.xctest; sourceTree = BUILT_PRODUCTS_DIR; };
		D52C156D20ADB63F000F1303 /* cLabRemoteControlUITests.swift */ = {isa = PBXFileReference; lastKnownFileType = sourcecode.swift; path = cLabRemoteControlUITests.swift; sourceTree = "<group>"; };
		D52C156F20ADB63F000F1303 /* Info.plist */ = {isa = PBXFileReference; lastKnownFileType = text.plist.xml; path = Info.plist; sourceTree = "<group>"; };
		D52C157C20ADBA27000F1303 /* AVFoundation.framework */ = {isa = PBXFileReference; lastKnownFileType = wrapper.framework; name = AVFoundation.framework; path = System/Library/Frameworks/AVFoundation.framework; sourceTree = SDKROOT; };
		D52C157E20ADBA34000F1303 /* Foundation.framework */ = {isa = PBXFileReference; lastKnownFileType = wrapper.framework; name = Foundation.framework; path = System/Library/Frameworks/Foundation.framework; sourceTree = SDKROOT; };
		D52C158020ADBA43000F1303 /* AppKit.framework */ = {isa = PBXFileReference; lastKnownFileType = wrapper.framework; name = AppKit.framework; path = System/Library/Frameworks/AppKit.framework; sourceTree = SDKROOT; };
/* End PBXFileReference section */

/* Begin PBXFrameworksBuildPhase section */
		D52C154920ADB63C000F1303 /* Frameworks */ = {
			isa = PBXFrameworksBuildPhase;
			buildActionMask = 2147483647;
			files = (
				D52C158120ADBA43000F1303 /* AppKit.framework in Frameworks */,
				D52C157F20ADBA34000F1303 /* Foundation.framework in Frameworks */,
				D52C157D20ADBA27000F1303 /* AVFoundation.framework in Frameworks */,
			);
			runOnlyForDeploymentPostprocessing = 0;
		};
		D52C155B20ADB63F000F1303 /* Frameworks */ = {
			isa = PBXFrameworksBuildPhase;
			buildActionMask = 2147483647;
			files = (
			);
			runOnlyForDeploymentPostprocessing = 0;
		};
		D52C156620ADB63F000F1303 /* Frameworks */ = {
			isa = PBXFrameworksBuildPhase;
			buildActionMask = 2147483647;
			files = (
			);
			runOnlyForDeploymentPostprocessing = 0;
		};
/* End PBXFrameworksBuildPhase section */

/* Begin PBXGroup section */
		D52C154320ADB63C000F1303 = {
			isa = PBXGroup;
			children = (
				D52C154E20ADB63D000F1303 /* cLabRemoteControl */,
				D52C156120ADB63F000F1303 /* cLabRemoteControlTests */,
				D52C156C20ADB63F000F1303 /* cLabRemoteControlUITests */,
				D52C154D20ADB63D000F1303 /* Products */,
				D52C157B20ADBA26000F1303 /* Frameworks */,
			);
			sourceTree = "<group>";
		};
		D52C154D20ADB63D000F1303 /* Products */ = {
			isa = PBXGroup;
			children = (
				D52C154C20ADB63D000F1303 /* cLabRemoteControl.app */,
				D52C155E20ADB63F000F1303 /* cLabRemoteControlTests.xctest */,
				D52C156920ADB63F000F1303 /* cLabRemoteControlUITests.xctest */,
			);
			name = Products;
			sourceTree = "<group>";
		};
		D52C154E20ADB63D000F1303 /* cLabRemoteControl */ = {
			isa = PBXGroup;
			children = (
				D52C154F20ADB63D000F1303 /* AppDelegate.swift */,
				D52C155120ADB63D000F1303 /* ViewController.swift */,
				D52C155320ADB63F000F1303 /* Assets.xcassets */,
				D52C155520ADB63F000F1303 /* Main.storyboard */,
				D52C155820ADB63F000F1303 /* Info.plist */,
				D52C155920ADB63F000F1303 /* cLabRemoteControl.entitlements */,
			);
			path = cLabRemoteControl;
			sourceTree = "<group>";
		};
		D52C156120ADB63F000F1303 /* cLabRemoteControlTests */ = {
			isa = PBXGroup;
			children = (
				D52C156220ADB63F000F1303 /* cLabRemoteControlTests.swift */,
				D52C156420ADB63F000F1303 /* Info.plist */,
			);
			path = cLabRemoteControlTests;
			sourceTree = "<group>";
		};
		D52C156C20ADB63F000F1303 /* cLabRemoteControlUITests */ = {
			isa = PBXGroup;
			children = (
				D52C156D20ADB63F000F1303 /* cLabRemoteControlUITests.swift */,
				D52C156F20ADB63F000F1303 /* Info.plist */,
			);
			path = cLabRemoteControlUITests;
			sourceTree = "<group>";
		};
		D52C157B20ADBA26000F1303 /* Frameworks */ = {
			isa = PBXGroup;
			children = (
				D52C158020ADBA43000F1303 /* AppKit.framework */,
				D52C157E20ADBA34000F1303 /* Foundation.framework */,
				D52C157C20ADBA27000F1303 /* AVFoundation.framework */,
			);
			name = Frameworks;
			sourceTree = "<group>";
		};
/* End PBXGroup section */

/* Begin PBXNativeTarget section */
		D52C154B20ADB63C000F1303 /* cLabRemoteControl */ = {
			isa = PBXNativeTarget;
			buildConfigurationList = D52C157220ADB63F000F1303 /* Build configuration list for PBXNativeTarget "cLabRemoteControl" */;
			buildPhases = (
				D52C154820ADB63C000F1303 /* Sources */,
				D52C154920ADB63C000F1303 /* Frameworks */,
				D52C154A20ADB63C000F1303 /* Resources */,
			);
			buildRules = (
			);
			dependencies = (
			);
			name = cLabRemoteControl;
			productName = cLabRemoteControl;
			productReference = D52C154C20ADB63D000F1303 /* cLabRemoteControl.app */;
			productType = "com.apple.product-type.application";
		};
		D52C155D20ADB63F000F1303 /* cLabRemoteControlTests */ = {
			isa = PBXNativeTarget;
			buildConfigurationList = D52C157520ADB63F000F1303 /* Build configuration list for PBXNativeTarget "cLabRemoteControlTests" */;
			buildPhases = (
				D52C155A20ADB63F000F1303 /* Sources */,
				D52C155B20ADB63F000F1303 /* Frameworks */,
				D52C155C20ADB63F000F1303 /* Resources */,
			);
			buildRules = (
			);
			dependencies = (
				D52C156020ADB63F000F1303 /* PBXTargetDependency */,
			);
			name = cLabRemoteControlTests;
			productName = cLabRemoteControlTests;
			productReference = D52C155E20ADB63F000F1303 /* cLabRemoteControlTests.xctest */;
			productType = "com.apple.product-type.bundle.unit-test";
		};
		D52C156820ADB63F000F1303 /* cLabRemoteControlUITests */ = {
			isa = PBXNativeTarget;
			buildConfigurationList = D52C157820ADB63F000F1303 /* Build configuration list for PBXNativeTarget "cLabRemoteControlUITests" */;
			buildPhases = (
				D52C156520ADB63F000F1303 /* Sources */,
				D52C156620ADB63F000F1303 /* Frameworks */,
				D52C156720ADB63F000F1303 /* Resources */,
			);
			buildRules = (
			);
			dependencies = (
				D52C156B20ADB63F000F1303 /* PBXTargetDependency */,
			);
			name = cLabRemoteControlUITests;
			productName = cLabRemoteControlUITests;
			productReference = D52C156920ADB63F000F1303 /* cLabRemoteControlUITests.xctest */;
			productType = "com.apple.product-type.bundle.ui-testing";
		};
/* End PBXNativeTarget section */

/* Begin PBXProject section */
		D52C154420ADB63C000F1303 /* Project object */ = {
			isa = PBXProject;
			attributes = {
				LastSwiftUpdateCheck = 0930;
				LastUpgradeCheck = 0930;
				ORGANIZATIONNAME = Demilab;
				TargetAttributes = {
					D52C154B20ADB63C000F1303 = {
						CreatedOnToolsVersion = 9.3.1;
						SystemCapabilities = {
							com.apple.Sandbox = {
								enabled = 1;
							};
						};
					};
					D52C155D20ADB63F000F1303 = {
						CreatedOnToolsVersion = 9.3.1;
						TestTargetID = D52C154B20ADB63C000F1303;
					};
					D52C156820ADB63F000F1303 = {
						CreatedOnToolsVersion = 9.3.1;
						TestTargetID = D52C154B20ADB63C000F1303;
					};
				};
			};
			buildConfigurationList = D52C154720ADB63C000F1303 /* Build configuration list for PBXProject "cLabRemoteControl" */;
			compatibilityVersion = "Xcode 9.3";
			developmentRegion = en;
			hasScannedForEncodings = 0;
			knownRegions = (
				en,
				Base,
			);
			mainGroup = D52C154320ADB63C000F1303;
			productRefGroup = D52C154D20ADB63D000F1303 /* Products */;
			projectDirPath = "";
			projectRoot = "";
			targets = (
				D52C154B20ADB63C000F1303 /* cLabRemoteControl */,
				D52C155D20ADB63F000F1303 /* cLabRemoteControlTests */,
				D52C156820ADB63F000F1303 /* cLabRemoteControlUITests */,
			);
		};
/* End PBXProject section */

/* Begin PBXResourcesBuildPhase section */
		D52C154A20ADB63C000F1303 /* Resources */ = {
			isa = PBXResourcesBuildPhase;
			buildActionMask = 2147483647;
			files = (
				D52C155420ADB63F000F1303 /* Assets.xcassets in Resources */,
				D52C155720ADB63F000F1303 /* Main.storyboard in Resources */,
			);
			runOnlyForDeploymentPostprocessing = 0;
		};
		D52C155C20ADB63F000F1303 /* Resources */ = {
			isa = PBXResourcesBuildPhase;
			buildActionMask = 2147483647;
			files = (
			);
			runOnlyForDeploymentPostprocessing = 0;
		};
		D52C156720ADB63F000F1303 /* Resources */ = {
			isa = PBXResourcesBuildPhase;
			buildActionMask = 2147483647;
			files = (
			);
			runOnlyForDeploymentPostprocessing = 0;
		};
/* End PBXResourcesBuildPhase section */

/* Begin PBXSourcesBuildPhase section */
		D52C154820ADB63C000F1303 /* Sources */ = {
			isa = PBXSourcesBuildPhase;
			buildActionMask = 2147483647;
			files = (
				D52C155220ADB63D000F1303 /* ViewController.swift in Sources */,
				D52C155020ADB63D000F1303 /* AppDelegate.swift in Sources */,
			);
			runOnlyForDeploymentPostprocessing = 0;
		};
		D52C155A20ADB63F000F1303 /* Sources */ = {
			isa = PBXSourcesBuildPhase;
			buildActionMask = 2147483647;
			files = (
				D52C156320ADB63F000F1303 /* cLabRemoteControlTests.swift in Sources */,
			);
			runOnlyForDeploymentPostprocessing = 0;
		};
		D52C156520ADB63F000F1303 /* Sources */ = {
			isa = PBXSourcesBuildPhase;
			buildActionMask = 2147483647;
			files = (
				D52C156E20ADB63F000F1303 /* cLabRemoteControlUITests.swift in Sources */,
			);
			runOnlyForDeploymentPostprocessing = 0;
		};
/* End PBXSourcesBuildPhase section */

/* Begin PBXTargetDependency section */
		D52C156020ADB63F000F1303 /* PBXTargetDependency */ = {
			isa = PBXTargetDependency;
			target = D52C154B20ADB63C000F1303 /* cLabRemoteControl */;
			targetProxy = D52C155F20ADB63F000F1303 /* PBXContainerItemProxy */;
		};
		D52C156B20ADB63F000F1303 /* PBXTargetDependency */ = {
			isa = PBXTargetDependency;
			target = D52C154B20ADB63C000F1303 /* cLabRemoteControl */;
			targetProxy = D52C156A20ADB63F000F1303 /* PBXContainerItemProxy */;
		};
/* End PBXTargetDependency section */

/* Begin PBXVariantGroup section */
		D52C155520ADB63F000F1303 /* Main.storyboard */ = {
			isa = PBXVariantGroup;
			children = (
				D52C155620ADB63F000F1303 /* Base */,
			);
			name = Main.storyboard;
			sourceTree = "<group>";
		};
/* End PBXVariantGroup section */

/* Begin XCBuildConfiguration section */
		D52C157020ADB63F000F1303 /* Debug */ = {
			isa = XCBuildConfiguration;
			buildSettings = {
				ALWAYS_SEARCH_USER_PATHS = NO;
				CLANG_ANALYZER_NONNULL = YES;
				CLANG_ANALYZER_NUMBER_OBJECT_CONVERSION = YES_AGGRESSIVE;
				CLANG_CXX_LANGUAGE_STANDARD = "gnu++14";
				CLANG_CXX_LIBRARY = "libc++";
				CLANG_ENABLE_MODULES = YES;
				CLANG_ENABLE_OBJC_ARC = YES;
				CLANG_ENABLE_OBJC_WEAK = YES;
				CLANG_WARN_BLOCK_CAPTURE_AUTORELEASING = YES;
				CLANG_WARN_BOOL_CONVERSION = YES;
				CLANG_WARN_COMMA = YES;
				CLANG_WARN_CONSTANT_CONVERSION = YES;
				CLANG_WARN_DEPRECATED_OBJC_IMPLEMENTATIONS = YES;
				CLANG_WARN_DIRECT_OBJC_ISA_USAGE = YES_ERROR;
				CLANG_WARN_DOCUMENTATION_COMMENTS = YES;
				CLANG_WARN_EMPTY_BODY = YES;
				CLANG_WARN_ENUM_CONVERSION = YES;
				CLANG_WARN_INFINITE_RECURSION = YES;
				CLANG_WARN_INT_CONVERSION = YES;
				CLANG_WARN_NON_LITERAL_NULL_CONVERSION = YES;
				CLANG_WARN_OBJC_IMPLICIT_RETAIN_SELF = YES;
				CLANG_WARN_OBJC_LITERAL_CONVERSION = YES;
				CLANG_WARN_OBJC_ROOT_CLASS = YES_ERROR;
				CLANG_WARN_RANGE_LOOP_ANALYSIS = YES;
				CLANG_WARN_STRICT_PROTOTYPES = YES;
				CLANG_WARN_SUSPICIOUS_MOVE = YES;
				CLANG_WARN_UNGUARDED_AVAILABILITY = YES_AGGRESSIVE;
				CLANG_WARN_UNREACHABLE_CODE = YES;
				CLANG_WARN__DUPLICATE_METHOD_MATCH = YES;
				CODE_SIGN_IDENTITY = "Mac Developer";
				COPY_PHASE_STRIP = NO;
				DEBUG_INFORMATION_FORMAT = dwarf;
				ENABLE_STRICT_OBJC_MSGSEND = YES;
				ENABLE_TESTABILITY = YES;
				GCC_C_LANGUAGE_STANDARD = gnu11;
				GCC_DYNAMIC_NO_PIC = NO;
				GCC_NO_COMMON_BLOCKS = YES;
				GCC_OPTIMIZATION_LEVEL = 0;
				GCC_PREPROCESSOR_DEFINITIONS = (
					"DEBUG=1",
					"$(inherited)",
				);
				GCC_WARN_64_TO_32_BIT_CONVERSION = YES;
				GCC_WARN_ABOUT_RETURN_TYPE = YES_ERROR;
				GCC_WARN_UNDECLARED_SELECTOR = YES;
				GCC_WARN_UNINITIALIZED_AUTOS = YES_AGGRESSIVE;
				GCC_WARN_UNUSED_FUNCTION = YES;
				GCC_WARN_UNUSED_VARIABLE = YES;
				MACOSX_DEPLOYMENT_TARGET = 10.13;
				MTL_ENABLE_DEBUG_INFO = YES;
				ONLY_ACTIVE_ARCH = YES;
				SDKROOT = macosx;
				SWIFT_ACTIVE_COMPILATION_CONDITIONS = DEBUG;
				SWIFT_OPTIMIZATION_LEVEL = "-Onone";
			};
			name = Debug;
		};
		D52C157120ADB63F000F1303 /* Release */ = {
			isa = XCBuildConfiguration;
			buildSettings = {
				ALWAYS_SEARCH_USER_PATHS = NO;
				CLANG_ANALYZER_NONNULL = YES;
				CLANG_ANALYZER_NUMBER_OBJECT_CONVERSION = YES_AGGRESSIVE;
				CLANG_CXX_LANGUAGE_STANDARD = "gnu++14";
				CLANG_CXX_LIBRARY = "libc++";
				CLANG_ENABLE_MODULES = YES;
				CLANG_ENABLE_OBJC_ARC = YES;
				CLANG_ENABLE_OBJC_WEAK = YES;
				CLANG_WARN_BLOCK_CAPTURE_AUTORELEASING = YES;
				CLANG_WARN_BOOL_CONVERSION = YES;
				CLANG_WARN_COMMA = YES;
				CLANG_WARN_CONSTANT_CONVERSION = YES;
				CLANG_WARN_DEPRECATED_OBJC_IMPLEMENTATIONS = YES;
				CLANG_WARN_DIRECT_OBJC_ISA_USAGE = YES_ERROR;
				CLANG_WARN_DOCUMENTATION_COMMENTS = YES;
				CLANG_WARN_EMPTY_BODY = YES;
				CLANG_WARN_ENUM_CONVERSION = YES;
				CLANG_WARN_INFINITE_RECURSION = YES;
				CLANG_WARN_INT_CONVERSION = YES;
				CLANG_WARN_NON_LITERAL_NULL_CONVERSION = YES;
				CLANG_WARN_OBJC_IMPLICIT_RETAIN_SELF = YES;
				CLANG_WARN_OBJC_LITERAL_CONVERSION = YES;
				CLANG_WARN_OBJC_ROOT_CLASS = YES_ERROR;
				CLANG_WARN_RANGE_LOOP_ANALYSIS = YES;
				CLANG_WARN_STRICT_PROTOTYPES = YES;
				CLANG_WARN_SUSPICIOUS_MOVE = YES;
				CLANG_WARN_UNGUARDED_AVAILABILITY = YES_AGGRESSIVE;
				CLANG_WARN_UNREACHABLE_CODE = YES;
				CLANG_WARN__DUPLICATE_METHOD_MATCH = YES;
				CODE_SIGN_IDENTITY = "Mac Developer";
				COPY_PHASE_STRIP = NO;
				DEBUG_INFORMATION_FORMAT = "dwarf-with-dsym";
				ENABLE_NS_ASSERTIONS = NO;
				ENABLE_STRICT_OBJC_MSGSEND = YES;
				GCC_C_LANGUAGE_STANDARD = gnu11;
				GCC_NO_COMMON_BLOCKS = YES;
				GCC_WARN_64_TO_32_BIT_CONVERSION = YES;
				GCC_WARN_ABOUT_RETURN_TYPE = YES_ERROR;
				GCC_WARN_UNDECLARED_SELECTOR = YES;
				GCC_WARN_UNINITIALIZED_AUTOS = YES_AGGRESSIVE;
				GCC_WARN_UNUSED_FUNCTION = YES;
				GCC_WARN_UNUSED_VARIABLE = YES;
				MACOSX_DEPLOYMENT_TARGET = 10.13;
				MTL_ENABLE_DEBUG_INFO = NO;
				SDKROOT = macosx;
				SWIFT_COMPILATION_MODE = wholemodule;
				SWIFT_OPTIMIZATION_LEVEL = "-O";
			};
			name = Release;
		};
		D52C157320ADB63F000F1303 /* Debug */ = {
			isa = XCBuildConfiguration;
			buildSettings = {
				ASSETCATALOG_COMPILER_APPICON_NAME = AppIcon;
				CODE_SIGN_ENTITLEMENTS = cLabRemoteControl/cLabRemoteControl.entitlements;
				CODE_SIGN_STYLE = Automatic;
				COMBINE_HIDPI_IMAGES = YES;
				DEVELOPMENT_TEAM = 6ELJHX4RN7;
				INFOPLIST_FILE = cLabRemoteControl/Info.plist;
				LD_RUNPATH_SEARCH_PATHS = (
					"$(inherited)",
					"@executable_path/../Frameworks",
				);
				PRODUCT_BUNDLE_IDENTIFIER = demilab.cLabRemoteControl;
				PRODUCT_NAME = "$(TARGET_NAME)";
				SWIFT_VERSION = 4.0;
			};
			name = Debug;
		};
		D52C157420ADB63F000F1303 /* Release */ = {
			isa = XCBuildConfiguration;
			buildSettings = {
				ASSETCATALOG_COMPILER_APPICON_NAME = AppIcon;
				CODE_SIGN_ENTITLEMENTS = cLabRemoteControl/cLabRemoteControl.entitlements;
				CODE_SIGN_STYLE = Automatic;
				COMBINE_HIDPI_IMAGES = YES;
				DEVELOPMENT_TEAM = 6ELJHX4RN7;
				INFOPLIST_FILE = cLabRemoteControl/Info.plist;
				LD_RUNPATH_SEARCH_PATHS = (
					"$(inherited)",
					"@executable_path/../Frameworks",
				);
				PRODUCT_BUNDLE_IDENTIFIER = demilab.cLabRemoteControl;
				PRODUCT_NAME = "$(TARGET_NAME)";
				SWIFT_VERSION = 4.0;
			};
			name = Release;
		};
		D52C157620ADB63F000F1303 /* Debug */ = {
			isa = XCBuildConfiguration;
			buildSettings = {
				ALWAYS_EMBED_SWIFT_STANDARD_LIBRARIES = YES;
				BUNDLE_LOADER = "$(TEST_HOST)";
				CODE_SIGN_STYLE = Automatic;
				COMBINE_HIDPI_IMAGES = YES;
				DEVELOPMENT_TEAM = 6ELJHX4RN7;
				INFOPLIST_FILE = cLabRemoteControlTests/Info.plist;
				LD_RUNPATH_SEARCH_PATHS = (
					"$(inherited)",
					"@executable_path/../Frameworks",
					"@loader_path/../Frameworks",
				);
				PRODUCT_BUNDLE_IDENTIFIER = demilab.cLabRemoteControlTests;
				PRODUCT_NAME = "$(TARGET_NAME)";
				SWIFT_VERSION = 4.0;
				TEST_HOST = "$(BUILT_PRODUCTS_DIR)/cLabRemoteControl.app/Contents/MacOS/cLabRemoteControl";
			};
			name = Debug;
		};
		D52C157720ADB63F000F1303 /* Release */ = {
			isa = XCBuildConfiguration;
			buildSettings = {
				ALWAYS_EMBED_SWIFT_STANDARD_LIBRARIES = YES;
				BUNDLE_LOADER = "$(TEST_HOST)";
				CODE_SIGN_STYLE = Automatic;
				COMBINE_HIDPI_IMAGES = YES;
				DEVELOPMENT_TEAM = 6ELJHX4RN7;
				INFOPLIST_FILE = cLabRemoteControlTests/Info.plist;
				LD_RUNPATH_SEARCH_PATHS = (
					"$(inherited)",
					"@executable_path/../Frameworks",
					"@loader_path/../Frameworks",
				);
				PRODUCT_BUNDLE_IDENTIFIER = demilab.cLabRemoteControlTests;
				PRODUCT_NAME = "$(TARGET_NAME)";
				SWIFT_VERSION = 4.0;
				TEST_HOST = "$(BUILT_PRODUCTS_DIR)/cLabRemoteControl.app/Contents/MacOS/cLabRemoteControl";
			};
			name = Release;
		};
		D52C157920ADB63F000F1303 /* Debug */ = {
			isa = XCBuildConfiguration;
			buildSettings = {
				ALWAYS_EMBED_SWIFT_STANDARD_LIBRARIES = YES;
				CODE_SIGN_STYLE = Automatic;
				COMBINE_HIDPI_IMAGES = YES;
				DEVELOPMENT_TEAM = 6ELJHX4RN7;
				INFOPLIST_FILE = cLabRemoteControlUITests/Info.plist;
				LD_RUNPATH_SEARCH_PATHS = (
					"$(inherited)",
					"@executable_path/../Frameworks",
					"@loader_path/../Frameworks",
				);
				PRODUCT_BUNDLE_IDENTIFIER = demilab.cLabRemoteControlUITests;
				PRODUCT_NAME = "$(TARGET_NAME)";
				SWIFT_VERSION = 4.0;
				TEST_TARGET_NAME = cLabRemoteControl;
			};
			name = Debug;
		};
		D52C157A20ADB63F000F1303 /* Release */ = {
			isa = XCBuildConfiguration;
			buildSettings = {
				ALWAYS_EMBED_SWIFT_STANDARD_LIBRARIES = YES;
				CODE_SIGN_STYLE = Automatic;
				COMBINE_HIDPI_IMAGES = YES;
				DEVELOPMENT_TEAM = 6ELJHX4RN7;
				INFOPLIST_FILE = cLabRemoteControlUITests/Info.plist;
				LD_RUNPATH_SEARCH_PATHS = (
					"$(inherited)",
					"@executable_path/../Frameworks",
					"@loader_path/../Frameworks",
				);
				PRODUCT_BUNDLE_IDENTIFIER = demilab.cLabRemoteControlUITests;
				PRODUCT_NAME = "$(TARGET_NAME)";
				SWIFT_VERSION = 4.0;
				TEST_TARGET_NAME = cLabRemoteControl;
			};
			name = Release;
		};
/* End XCBuildConfiguration section */

/* Begin XCConfigurationList section */
		D52C154720ADB63C000F1303 /* Build configuration list for PBXProject "cLabRemoteControl" */ = {
			isa = XCConfigurationList;
			buildConfigurations = (
				D52C157020ADB63F000F1303 /* Debug */,
				D52C157120ADB63F000F1303 /* Release */,
			);
			defaultConfigurationIsVisible = 0;
			defaultConfigurationName = Release;
		};
		D52C157220ADB63F000F1303 /* Build configuration list for PBXNativeTarget "cLabRemoteControl" */ = {
			isa = XCConfigurationList;
			buildConfigurations = (
				D52C157320ADB63F000F1303 /* Debug */,
				D52C157420ADB63F000F1303 /* Release */,
			);
			defaultConfigurationIsVisible = 0;
			defaultConfigurationName = Release;
		};
		D52C157520ADB63F000F1303 /* Build configuration list for PBXNativeTarget "cLabRemoteControlTests" */ = {
			isa = XCConfigurationList;
			buildConfigurations = (
				D52C157620ADB63F000F1303 /* Debug */,
				D52C157720ADB63F000F1303 /* Release */,
			);
			defaultConfigurationIsVisible = 0;
			defaultConfigurationName = Release;
		};
		D52C157820ADB63F000F1303 /* Build configuration list for PBXNativeTarget "cLabRemoteControlUITests" */ = {
			isa = XCConfigurationList;
			buildConfigurations = (
				D52C157920ADB63F000F1303 /* Debug */,
				D52C157A20ADB63F000F1303 /* Release */,
			);
			defaultConfigurationIsVisible = 0;
			defaultConfigurationName = Release;
		};
/* End XCConfigurationList section */
	};
	rootObject = D52C154420ADB63C000F1303 /* Project object */;
}
